
Microsoft Visual Studio Solution File, Format Version 12.00
# Visual Studio 15
VisualStudioVersion = 15.0.27130.2024
MinimumVisualStudioVersion = 10.0.40219.1
Project("{FAE04EC0-301F-11D3-BF4B-00C04F79EFBC}") = "BasicDotNetCore", "BasicDotNetCore\BasicDotNetCore.csproj", "{9CB432E0-F492-4B5B-90B8-723DCD579EF6}"
EndProject
Global
	GlobalSection(SolutionConfigurationPlatforms) = preSolution
		Debug|Any CPU = Debug|Any CPU
		Release|Any CPU = Release|Any CPU
	EndGlobalSection
	GlobalSection(ProjectConfigurationPlatforms) = postSolution
		{9CB432E0-F492-4B5B-90B8-723DCD579EF6}.Debug|Any CPU.ActiveCfg = Debug|Any CPU
		{9CB432E0-F492-4B5B-90B8-723DCD579EF6}.Debug|Any CPU.Build.0 = Debug|Any CPU
		{9CB432E0-F492-4B5B-90B8-723DCD579EF6}.Release|Any CPU.ActiveCfg = Release|Any CPU
		{9CB432E0-F492-4B5B-90B8-723DCD579EF6}.Release|Any CPU.Build.0 = Release|Any CPU
	EndGlobalSection
	GlobalSection(SolutionProperties) = preSolution
		HideSolutionNode = FALSE
	EndGlobalSection
	GlobalSection(ExtensibilityGlobals) = postSolution
		SolutionGuid = {CFB0128D-49CA-4749-B1C8-F5C6AC938DC2}
	EndGlobalSection
EndGlobal
